{
  "name": "@noraai/cli",
  "version": "0.1.1",
  "lockfileVersion": 3,
  "requires": true,
  "packages": {
    "": {
      "name": "@noraai/cli",
      "version": "0.1.1",
      "license": "Apache-2.0",
      "bin": {
        "nora": "src/index.js"
      },
      "engines": {
        "node": ">=24"
      }
    }
  }
}
